
Microsoft Visual Studio Solution File, Format Version 12.00
# Visual Studio Version 17
VisualStudioVersion = 17.3.32922.545
MinimumVisualStudioVersion = 10.0.40219.1
Project("{FAE04EC0-301F-11D3-BF4B-00C04F79EFBC}") = "CategoriesWebApi", "CategoriesWebApi\CategoriesWebApi.csproj", "{7237B457-5E2C-42FE-9D4D-B61E2E8A39D7}"
EndProject
Global
	GlobalSection(SolutionConfigurationPlatforms) = preSolution
		Debug|Any CPU = Debug|Any CPU
		Release|Any CPU = Release|Any CPU
	EndGlobalSection
	GlobalSection(ProjectConfigurationPlatforms) = postSolution
		{7237B457-5E2C-42FE-9D4D-B61E2E8A39D7}.Debug|Any CPU.ActiveCfg = Debug|Any CPU
		{7237B457-5E2C-42FE-9D4D-B61E2E8A39D7}.Debug|Any CPU.Build.0 = Debug|Any CPU
		{7237B457-5E2C-42FE-9D4D-B61E2E8A39D7}.Release|Any CPU.ActiveCfg = Release|Any CPU
		{7237B457-5E2C-42FE-9D4D-B61E2E8A39D7}.Release|Any CPU.Build.0 = Release|Any CPU
	EndGlobalSection
	GlobalSection(SolutionProperties) = preSolution
		HideSolutionNode = FALSE
	EndGlobalSection
	GlobalSection(ExtensibilityGlobals) = postSolution
		SolutionGuid = {D8C20298-9FD2-48A8-B250-3C270D2CFD84}
	EndGlobalSection
EndGlobal
